
Microsoft Visual Studio Solution File, Format Version 12.00
# Visual Studio Version 16
VisualStudioVersion = 16.0.32106.194
MinimumVisualStudioVersion = 10.0.40219.1
Project("{FAE04EC0-301F-11D3-BF4B-00C04F79EFBC}") = "Classwork_04_04", "Classwork_04_04\Classwork_04_04.csproj", "{D4DA8F98-EFA2-4C6D-AFE2-3555787FCF7B}"
EndProject
Global
	GlobalSection(SolutionConfigurationPlatforms) = preSolution
		Debug|Any CPU = Debug|Any CPU
		Release|Any CPU = Release|Any CPU
	EndGlobalSection
	GlobalSection(ProjectConfigurationPlatforms) = postSolution
		{D4DA8F98-EFA2-4C6D-AFE2-3555787FCF7B}.Debug|Any CPU.ActiveCfg = Debug|Any CPU
		{D4DA8F98-EFA2-4C6D-AFE2-3555787FCF7B}.Debug|Any CPU.Build.0 = Debug|Any CPU
		{D4DA8F98-EFA2-4C6D-AFE2-3555787FCF7B}.Release|Any CPU.ActiveCfg = Release|Any CPU
		{D4DA8F98-EFA2-4C6D-AFE2-3555787FCF7B}.Release|Any CPU.Build.0 = Release|Any CPU
	EndGlobalSection
	GlobalSection(SolutionProperties) = preSolution
		HideSolutionNode = FALSE
	EndGlobalSection
	GlobalSection(ExtensibilityGlobals) = postSolution
		SolutionGuid = {1CFC1899-DBC4-4DD4-A60C-9268378A1661}
	EndGlobalSection
EndGlobal
